
Microsoft Visual Studio Solution File, Format Version 11.00
# Visual Studio 2010
Project("{FAE04EC0-301F-11D3-BF4B-00C04F79EFBC}") = "RedemptionToys2", "Assembly-CSharp.csproj", "{0DBAFD98-AF21-8020-48FC-71FFDB2F4735}"
EndProject
Global
	GlobalSection(SolutionConfigurationPlatforms) = preSolution
		Debug|Any CPU = Debug|Any CPU
		Release|Any CPU = Release|Any CPU
	EndGlobalSection
	GlobalSection(ProjectConfigurationPlatforms) = postSolution
		{0DBAFD98-AF21-8020-48FC-71FFDB2F4735}.Debug|Any CPU.ActiveCfg = Debug|Any CPU
		{0DBAFD98-AF21-8020-48FC-71FFDB2F4735}.Debug|Any CPU.Build.0 = Debug|Any CPU
		{0DBAFD98-AF21-8020-48FC-71FFDB2F4735}.Release|Any CPU.ActiveCfg = Release|Any CPU
		{0DBAFD98-AF21-8020-48FC-71FFDB2F4735}.Release|Any CPU.Build.0 = Release|Any CPU
	EndGlobalSection
	GlobalSection(SolutionProperties) = preSolution
		HideSolutionNode = FALSE
	EndGlobalSection
	GlobalSection(MonoDevelopProperties) = preSolution
		StartupItem = Assembly-CSharp.csproj
	EndGlobalSection
EndGlobal
