
Microsoft Visual Studio Solution File, Format Version 12.00
# Visual Studio 2017
Project("{FAE04EC0-301F-11D3-BF4B-00C04F79EFBC}") = "RedemptionToys", "RedemptionToys.csproj", "{37E1F7C1-B7D0-8F5C-9939-BBE78CF0393F}"
EndProject
Global
	GlobalSection(SolutionConfigurationPlatforms) = preSolution
		Debug|Any CPU = Debug|Any CPU
		Release|Any CPU = Release|Any CPU
	EndGlobalSection
	GlobalSection(ProjectConfigurationPlatforms) = postSolution
		{37E1F7C1-B7D0-8F5C-9939-BBE78CF0393F}.Debug|Any CPU.ActiveCfg = Debug|Any CPU
		{37E1F7C1-B7D0-8F5C-9939-BBE78CF0393F}.Debug|Any CPU.Build.0 = Debug|Any CPU
		{37E1F7C1-B7D0-8F5C-9939-BBE78CF0393F}.Release|Any CPU.ActiveCfg = Release|Any CPU
		{37E1F7C1-B7D0-8F5C-9939-BBE78CF0393F}.Release|Any CPU.Build.0 = Release|Any CPU
	EndGlobalSection
	GlobalSection(SolutionProperties) = preSolution
		HideSolutionNode = FALSE
	EndGlobalSection
EndGlobal
